# THIS IS AN AUTOGENERATED FILE. DO NOT EDIT THIS FILE DIRECTLY.
# yarn lockfile v1


swiper-react@^1.0.0:
  version "1.0.0"
  resolved "https://registry.yarnpkg.com/swiper-react/-/swiper-react-1.0.0.tgz#7e0deb24a8d0aca07752263a0a3335305b4af411"
  integrity sha512-IWd9GH8iqvjSzBYq5NuMPgSmVKuRRi5HIS6RUpXYYzbCFU2lfbdmRksk9Dh7VHC1HUh+gdITmI3HQ2IjSzq6bA==
